<?xml version="1.0" encoding="UTF-8"?>
<CONFIG>
  <ProjectOptions>
    <Version Value="12"/>
    <General>
      <Flags>
        <SaveClosedFiles Value="False"/>
        <LRSInOutputDirectory Value="False"/>
        <CompatibilityMode Value="True"/>
      </Flags>
      <Title Value="sc"/>
    </General>
    <BuildModes Count="1">
      <Item1 Name="default" Default="True"/>
    </BuildModes>
    <PublishOptions>
      <Version Value="2"/>
      <DestinationDirectory Value="/home/radek/public/"/>
    </PublishOptions>
    <RunParams>
      <local>
        <LaunchingApplication PathPlusParams="/usr/X11R6/bin/xterm -T &apos;Lazarus Run Output&apos; -e $(LazarusDir)/tools/runwait.sh $(TargetCmdLine)"/>
      </local>
      <FormatVersion Value="2"/>
      <Modes Count="1">
        <Mode0 Name="default">
          <local>
            <LaunchingApplication PathPlusParams="/usr/X11R6/bin/xterm -T &apos;Lazarus Run Output&apos; -e $(LazarusDir)/tools/runwait.sh $(TargetCmdLine)"/>
          </local>
        </Mode0>
      </Modes>
    </RunParams>
    <RequiredPackages Count="4">
      <Item1>
        <PackageName Value="ImagesForLazarus"/>
      </Item1>
      <Item2>
        <PackageName Value="viewerpackage"/>
      </Item2>
      <Item3>
        <PackageName Value="SynEdit"/>
        <MinVersion Major="1" Valid="True"/>
      </Item3>
      <Item4>
        <PackageName Value="LCL"/>
        <MinVersion Major="1" Valid="True"/>
      </Item4>
    </RequiredPackages>
    <Units Count="11">
      <Unit0>
        <Filename Value="sc.lpr"/>
        <IsPartOfProject Value="True"/>
        <TopLine Value="42"/>
        <CursorPos X="5" Y="81"/>
        <UsageCount Value="194"/>
        <Loaded Value="True"/>
      </Unit0>
      <Unit1>
        <Filename Value="fviewer.pas"/>
        <HasResources Value="True"/>
        <UnitName Value="fViewer"/>
        <EditorIndex Value="1"/>
        <TopLine Value="466"/>
        <CursorPos X="49" Y="487"/>
        <UsageCount Value="12"/>
        <Loaded Value="True"/>
      </Unit1>
      <Unit2>
        <Filename Value="ufilepanel.pas"/>
        <UnitName Value="uFilePanel"/>
        <EditorIndex Value="2"/>
        <TopLine Value="538"/>
        <CursorPos Y="570"/>
        <UsageCount Value="12"/>
        <Loaded Value="True"/>
      </Unit2>
      <Unit3>
        <Filename Value="framepanel.pas"/>
        <UnitName Value="framePanel"/>
        <EditorIndex Value="3"/>
        <TopLine Value="398"/>
        <CursorPos X="9" Y="418"/>
        <UsageCount Value="12"/>
        <Loaded Value="True"/>
      </Unit3>
      <Unit4>
        <Filename Value="fsymlink.pas"/>
        <UnitName Value="fSymLink"/>
        <EditorIndex Value="4"/>
        <TopLine Value="31"/>
        <CursorPos X="79" Y="70"/>
        <UsageCount Value="12"/>
        <Loaded Value="True"/>
      </Unit4>
      <Unit5>
        <Filename Value="ffileproperties.pas"/>
        <UnitName Value="fFileProperties"/>
        <EditorIndex Value="5"/>
        <TopLine Value="131"/>
        <CursorPos X="7" Y="156"/>
        <UsageCount Value="12"/>
        <Loaded Value="True"/>
      </Unit5>
      <Unit6>
        <Filename Value="/usr/lib/fpc/3.2.2/source/packages/users/src/users.pp"/>
        <EditorIndex Value="10"/>
        <TopLine Value="271"/>
        <CursorPos Y="310"/>
        <UsageCount Value="11"/>
        <Loaded Value="True"/>
      </Unit6>
      <Unit7>
        <Filename Value="fmain.pas"/>
        <UnitName Value="fMain"/>
        <EditorIndex Value="6"/>
        <TopLine Value="1902"/>
        <CursorPos X="5" Y="1930"/>
        <UsageCount Value="11"/>
        <Loaded Value="True"/>
      </Unit7>
      <Unit8>
        <Filename Value="../../../../../laz/lazarus-4.2/lcl/include/fpimagebitmap.inc"/>
        <EditorIndex Value="9"/>
        <TopLine Value="97"/>
        <CursorPos X="137" Y="138"/>
        <UsageCount Value="11"/>
        <Loaded Value="True"/>
      </Unit8>
      <Unit9>
        <Filename Value="../../../../../laz/lazarus-4.2/lcl/include/control.inc"/>
        <EditorIndex Value="7"/>
        <TopLine Value="3991"/>
        <CursorPos X="25" Y="4002"/>
        <UsageCount Value="10"/>
        <Loaded Value="True"/>
      </Unit9>
      <Unit10>
        <Filename Value="fmain.lfm"/>
        <IsVisibleTab Value="True"/>
        <EditorIndex Value="8"/>
        <CursorPos X="20" Y="5"/>
        <UsageCount Value="10"/>
        <Loaded Value="True"/>
        <DefaultSyntaxHighlighter Value="LFM"/>
      </Unit10>
    </Units>
    <JumpHistory Count="30" HistoryIndex="29">
      <Position1>
        <Filename Value="fviewer.pas"/>
        <Caret Line="487" Column="49" TopLine="466"/>
      </Position1>
      <Position2>
        <Filename Value="ufilepanel.pas"/>
        <Caret Line="547" Column="79" TopLine="73"/>
      </Position2>
      <Position3>
        <Filename Value="ufilepanel.pas"/>
        <Caret Line="570" TopLine="538"/>
      </Position3>
      <Position4>
        <Filename Value="framepanel.pas"/>
        <Caret Line="418" Column="9" TopLine="398"/>
      </Position4>
      <Position5>
        <Filename Value="fsymlink.pas"/>
        <Caret Line="32" Column="33"/>
      </Position5>
      <Position6>
        <Filename Value="fsymlink.pas"/>
        <Caret Line="16" Column="26"/>
      </Position6>
      <Position7>
        <Filename Value="fsymlink.pas"/>
        <Caret Line="70" Column="79" TopLine="31"/>
      </Position7>
      <Position8>
        <Filename Value="ffileproperties.pas"/>
        <Caret Line="69" Column="37" TopLine="232"/>
      </Position8>
      <Position9>
        <Filename Value="ffileproperties.pas"/>
        <Caret Line="129" Column="13" TopLine="98"/>
      </Position9>
      <Position10>
        <Filename Value="ffileproperties.pas"/>
        <Caret Line="151" Column="41" TopLine="119"/>
      </Position10>
      <Position11>
        <Filename Value="ffileproperties.pas"/>
        <Caret Line="120" Column="27" TopLine="100"/>
      </Position11>
      <Position12>
        <Filename Value="ffileproperties.pas"/>
        <Caret Line="69" Column="44" TopLine="40"/>
      </Position12>
      <Position13>
        <Filename Value="ffileproperties.pas"/>
        <Caret Line="121" Column="12" TopLine="101"/>
      </Position13>
      <Position14>
        <Filename Value="ffileproperties.pas"/>
        <Caret Line="123" Column="88" TopLine="101"/>
      </Position14>
      <Position15>
        <Filename Value="ffileproperties.pas"/>
        <Caret Line="264" Column="55" TopLine="43"/>
      </Position15>
      <Position16>
        <Filename Value="/usr/lib/fpc/3.2.2/source/packages/users/src/users.pp"/>
        <Caret Line="25" Column="77"/>
      </Position16>
      <Position17>
        <Filename Value="ffileproperties.pas"/>
        <Caret Line="156" Column="7" TopLine="131"/>
      </Position17>
      <Position18>
        <Filename Value="fmain.pas"/>
        <Caret Line="26" Column="46" TopLine="7"/>
      </Position18>
      <Position19>
        <Filename Value="fmain.pas"/>
        <Caret Line="167" Column="26" TopLine="135"/>
      </Position19>
      <Position20>
        <Filename Value="fmain.pas"/>
        <Caret Line="348" Column="25" TopLine="325"/>
      </Position20>
      <Position21>
        <Filename Value="fmain.pas"/>
        <Caret Line="353" Column="22" TopLine="325"/>
      </Position21>
      <Position22>
        <Filename Value="fmain.pas"/>
        <Caret Line="279" Column="48" TopLine="256"/>
      </Position22>
      <Position23>
        <Filename Value="fmain.pas"/>
        <Caret Line="1949" Column="5" TopLine="1920"/>
      </Position23>
      <Position24>
        <Filename Value="sc.lpr"/>
        <Caret Line="50" Column="116" TopLine="42"/>
      </Position24>
      <Position25>
        <Filename Value="fmain.pas"/>
        <Caret Line="1934" Column="71" TopLine="13"/>
      </Position25>
      <Position26>
        <Filename Value="fmain.pas"/>
        <Caret Line="277" Column="8" TopLine="245"/>
      </Position26>
      <Position27>
        <Filename Value="../../../../../laz/lazarus-4.2/lcl/include/fpimagebitmap.inc"/>
        <Caret Line="145" Column="97" TopLine="121"/>
      </Position27>
      <Position28>
        <Filename Value="../../../../../laz/lazarus-4.2/lcl/include/fpimagebitmap.inc"/>
        <Caret Line="182" TopLine="143"/>
      </Position28>
      <Position29>
        <Filename Value="fmain.pas"/>
        <Caret Line="347" Column="69" TopLine="326"/>
      </Position29>
      <Position30>
        <Filename Value="fmain.pas"/>
        <Caret Line="1930" Column="5" TopLine="1902"/>
      </Position30>
    </JumpHistory>
  </ProjectOptions>
  <CompilerOptions>
    <Version Value="11"/>
    <SearchPaths>
      <OtherUnitFiles Value="../viewer"/>
      <SrcPath Value="$(LazarusDir)/lcl;$(LazarusDir)/lcl/interfaces/$(LCLWidgetType)"/>
    </SearchPaths>
    <Parsing>
      <SyntaxOptions>
        <UseAnsiStrings Value="False"/>
      </SyntaxOptions>
    </Parsing>
    <CodeGeneration>
      <TargetOS Value="linux"/>
    </CodeGeneration>
    <Linking>
      <Debugging>
        <DebugInfoType Value="dsDwarf3"/>
      </Debugging>
    </Linking>
  </CompilerOptions>
  <Debugging>
    <BreakPoints Count="2">
      <Item1>
        <Kind Value="bpkSource"/>
        <WatchScope Value="wpsGlobal"/>
        <WatchKind Value="wpkWrite"/>
        <Source Value="../../../../radek/kodovani2/lazarus/lcl/include/imglist.inc"/>
        <Line Value="435"/>
      </Item1>
      <Item2>
        <Kind Value="bpkSource"/>
        <WatchScope Value="wpsLocal"/>
        <WatchKind Value="wpkWrite"/>
        <Source Value="ufindmmap.pas"/>
        <Line Value="1"/>
      </Item2>
    </BreakPoints>
  </Debugging>
</CONFIG>
