<?xml version="1.0" encoding="UTF-8"?>
<CONFIG>
  <ProjectOptions>
    <Version Value="12"/>
    <General>
      <Flags>
        <SaveClosedFiles Value="False"/>
        <LRSInOutputDirectory Value="False"/>
        <CompatibilityMode Value="True"/>
      </Flags>
      <Title Value="sc"/>
    </General>
    <BuildModes Count="1">
      <Item1 Name="default" Default="True"/>
    </BuildModes>
    <PublishOptions>
      <Version Value="2"/>
      <DestinationDirectory Value="/home/radek/public/"/>
    </PublishOptions>
    <RunParams>
      <local>
        <LaunchingApplication PathPlusParams="/usr/X11R6/bin/xterm -T &apos;Lazarus Run Output&apos; -e $(LazarusDir)/tools/runwait.sh $(TargetCmdLine)"/>
      </local>
      <FormatVersion Value="2"/>
      <Modes Count="1">
        <Mode0 Name="default">
          <local>
            <LaunchingApplication PathPlusParams="/usr/X11R6/bin/xterm -T &apos;Lazarus Run Output&apos; -e $(LazarusDir)/tools/runwait.sh $(TargetCmdLine)"/>
          </local>
        </Mode0>
      </Modes>
    </RunParams>
    <RequiredPackages Count="4">
      <Item1>
        <PackageName Value="ImagesForLazarus"/>
      </Item1>
      <Item2>
        <PackageName Value="viewerpackage"/>
      </Item2>
      <Item3>
        <PackageName Value="SynEdit"/>
        <MinVersion Major="1" Valid="True"/>
      </Item3>
      <Item4>
        <PackageName Value="LCL"/>
        <MinVersion Major="1" Valid="True"/>
      </Item4>
    </RequiredPackages>
    <Units Count="6">
      <Unit0>
        <Filename Value="sc.lpr"/>
        <IsPartOfProject Value="True"/>
        <TopLine Value="42"/>
        <CursorPos Y="72"/>
        <UsageCount Value="190"/>
        <Loaded Value="True"/>
      </Unit0>
      <Unit1>
        <Filename Value="fviewer.pas"/>
        <HasResources Value="True"/>
        <UnitName Value="fViewer"/>
        <EditorIndex Value="1"/>
        <TopLine Value="466"/>
        <CursorPos X="49" Y="487"/>
        <UsageCount Value="11"/>
        <Loaded Value="True"/>
      </Unit1>
      <Unit2>
        <Filename Value="ufilepanel.pas"/>
        <UnitName Value="uFilePanel"/>
        <EditorIndex Value="2"/>
        <TopLine Value="538"/>
        <CursorPos Y="570"/>
        <UsageCount Value="10"/>
        <Loaded Value="True"/>
      </Unit2>
      <Unit3>
        <Filename Value="framepanel.pas"/>
        <UnitName Value="framePanel"/>
        <EditorIndex Value="3"/>
        <TopLine Value="398"/>
        <CursorPos X="9" Y="418"/>
        <UsageCount Value="10"/>
        <Loaded Value="True"/>
      </Unit3>
      <Unit4>
        <Filename Value="fsymlink.pas"/>
        <UnitName Value="fSymLink"/>
        <EditorIndex Value="4"/>
        <TopLine Value="31"/>
        <CursorPos X="79" Y="70"/>
        <UsageCount Value="10"/>
        <Loaded Value="True"/>
      </Unit4>
      <Unit5>
        <Filename Value="ffileproperties.pas"/>
        <UnitName Value="fFileProperties"/>
        <IsVisibleTab Value="True"/>
        <EditorIndex Value="5"/>
        <TopLine Value="100"/>
        <CursorPos X="27" Y="120"/>
        <UsageCount Value="10"/>
        <Loaded Value="True"/>
      </Unit5>
    </Units>
    <JumpHistory Count="13" HistoryIndex="12">
      <Position1>
        <Filename Value="sc.lpr"/>
        <Caret Line="72" TopLine="42"/>
      </Position1>
      <Position2>
        <Filename Value="fviewer.pas"/>
        <Caret Line="204" Column="8" TopLine="184"/>
      </Position2>
      <Position3>
        <Filename Value="fviewer.pas"/>
        <Caret Line="208" Column="9" TopLine="186"/>
      </Position3>
      <Position4>
        <Filename Value="fviewer.pas"/>
        <Caret Line="487" Column="49" TopLine="466"/>
      </Position4>
      <Position5>
        <Filename Value="ufilepanel.pas"/>
        <Caret Line="547" Column="79" TopLine="73"/>
      </Position5>
      <Position6>
        <Filename Value="ufilepanel.pas"/>
        <Caret Line="570" TopLine="538"/>
      </Position6>
      <Position7>
        <Filename Value="framepanel.pas"/>
        <Caret Line="418" Column="9" TopLine="398"/>
      </Position7>
      <Position8>
        <Filename Value="fsymlink.pas"/>
        <Caret Line="32" Column="33"/>
      </Position8>
      <Position9>
        <Filename Value="fsymlink.pas"/>
        <Caret Line="16" Column="26"/>
      </Position9>
      <Position10>
        <Filename Value="fsymlink.pas"/>
        <Caret Line="70" Column="79" TopLine="31"/>
      </Position10>
      <Position11>
        <Filename Value="ffileproperties.pas"/>
        <Caret Line="69" Column="37" TopLine="232"/>
      </Position11>
      <Position12>
        <Filename Value="ffileproperties.pas"/>
        <Caret Line="129" Column="13" TopLine="98"/>
      </Position12>
      <Position13>
        <Filename Value="ffileproperties.pas"/>
        <Caret Line="151" Column="41" TopLine="119"/>
      </Position13>
    </JumpHistory>
  </ProjectOptions>
  <CompilerOptions>
    <Version Value="11"/>
    <SearchPaths>
      <OtherUnitFiles Value="../viewer"/>
      <SrcPath Value="$(LazarusDir)/lcl;$(LazarusDir)/lcl/interfaces/$(LCLWidgetType)"/>
    </SearchPaths>
    <Parsing>
      <SyntaxOptions>
        <UseAnsiStrings Value="False"/>
      </SyntaxOptions>
    </Parsing>
    <Linking>
      <Debugging>
        <DebugInfoType Value="dsDwarf3"/>
      </Debugging>
    </Linking>
  </CompilerOptions>
  <Debugging>
    <BreakPoints Count="2">
      <Item1>
        <Kind Value="bpkSource"/>
        <WatchScope Value="wpsGlobal"/>
        <WatchKind Value="wpkWrite"/>
        <Source Value="../../../../radek/kodovani2/lazarus/lcl/include/imglist.inc"/>
        <Line Value="435"/>
      </Item1>
      <Item2>
        <Kind Value="bpkSource"/>
        <WatchScope Value="wpsLocal"/>
        <WatchKind Value="wpkWrite"/>
        <Source Value="ufindmmap.pas"/>
        <Line Value="1"/>
      </Item2>
    </BreakPoints>
  </Debugging>
</CONFIG>
