<?xml version="1.0" encoding="UTF-8"?>
<CONFIG>
  <ProjectOptions>
    <Version Value="12"/>
    <General>
      <Flags>
        <LRSInOutputDirectory Value="False"/>
        <CompatibilityMode Value="True"/>
      </Flags>
      <Title Value="scgtk2"/>
      <ActiveWindowIndexAtStart Value="-1"/>
    </General>
    <MacroValues Count="1">
      <Macro1 Name="LCLWidgetType" Value="gtk2"/>
    </MacroValues>
    <BuildModes Count="1">
      <Item1 Name="default" Default="True"/>
      <SharedMatrixOptions Count="1">
        <Item1 ID="671603945856" Modes="default" Type="IDEMacro" MacroName="LCLWidgetType" Value="gtk2"/>
      </SharedMatrixOptions>
    </BuildModes>
    <PublishOptions>
      <Version Value="2"/>
    </PublishOptions>
    <RunParams>
      <local>
        <LaunchingApplication PathPlusParams="/usr/X11R6/bin/xterm -T &apos;Lazarus Run Output&apos; -e $(LazarusDir)/tools/runwait.sh $(TargetCmdLine)"/>
      </local>
      <FormatVersion Value="2"/>
      <Modes Count="1">
        <Mode0 Name="default">
          <local>
            <LaunchingApplication PathPlusParams="/usr/X11R6/bin/xterm -T &apos;Lazarus Run Output&apos; -e $(LazarusDir)/tools/runwait.sh $(TargetCmdLine)"/>
          </local>
        </Mode0>
      </Modes>
    </RunParams>
    <RequiredPackages Count="4">
      <Item1>
        <PackageName Value="ImagesForLazarus"/>
      </Item1>
      <Item2>
        <PackageName Value="viewerpackage"/>
      </Item2>
      <Item3>
        <PackageName Value="SynEdit"/>
      </Item3>
      <Item4>
        <PackageName Value="LCL"/>
        <MinVersion Major="1" Valid="True"/>
      </Item4>
    </RequiredPackages>
    <Units Count="18">
      <Unit0>
        <Filename Value="scgtk2.lpr"/>
        <IsPartOfProject Value="True"/>
        <EditorIndex Value="-1"/>
        <CursorPos X="6" Y="16"/>
        <UsageCount Value="25"/>
      </Unit0>
      <Unit1>
        <Filename Value="sc.lpi"/>
        <UsageCount Value="10"/>
        <DefaultSyntaxHighlighter Value="XML"/>
      </Unit1>
      <Unit2>
        <Filename Value="../../../../radek/kodovani2/lazarus/lcl/interfaces/gtk/gtkobject.inc"/>
        <TopLine Value="103"/>
        <CursorPos Y="118"/>
        <UsageCount Value="10"/>
      </Unit2>
      <Unit3>
        <Filename Value="fmain.pas"/>
        <ComponentName Value="frmMain"/>
        <HasResources Value="True"/>
        <UnitName Value="fMain"/>
        <EditorIndex Value="-1"/>
        <TopLine Value="31"/>
        <CursorPos X="56" Y="33"/>
        <UsageCount Value="10"/>
      </Unit3>
      <Unit4>
        <Filename Value="framepanel.pas"/>
        <ComponentName Value="FrameFilePanel"/>
        <HasResources Value="True"/>
        <UnitName Value="framePanel"/>
        <EditorIndex Value="-1"/>
        <TopLine Value="451"/>
        <CursorPos X="3" Y="463"/>
        <UsageCount Value="10"/>
      </Unit4>
      <Unit5>
        <Filename Value="../../../../radek/kodovani2/lazarus/lcl/interfaces/gtk/gtkproc.pp"/>
        <UnitName Value="GTKProc"/>
        <EditorIndex Value="-1"/>
        <TopLine Value="84"/>
        <CursorPos Y="99"/>
        <UsageCount Value="10"/>
      </Unit5>
      <Unit6>
        <Filename Value="../../../../radek/kodovani2/lazarus/lcl/interfaces/gtk/gtkcallback.inc"/>
        <EditorIndex Value="-1"/>
        <TopLine Value="390"/>
        <CursorPos X="3" Y="394"/>
        <UsageCount Value="10"/>
      </Unit6>
      <Unit7>
        <Filename Value="fmain.lfm"/>
        <EditorIndex Value="-1"/>
        <UsageCount Value="10"/>
        <DefaultSyntaxHighlighter Value="LFM"/>
      </Unit7>
      <Unit8>
        <Filename Value="framepanel.lfm"/>
        <HasResources Value="True"/>
        <EditorIndex Value="-1"/>
        <WindowIndex Value="-1"/>
        <UsageCount Value="10"/>
        <DefaultSyntaxHighlighter Value="LFM"/>
      </Unit8>
      <Unit9>
        <Filename Value="ucolorext.pas"/>
        <UnitName Value="uColorExt"/>
        <EditorIndex Value="-1"/>
        <TopLine Value="63"/>
        <CursorPos X="52" Y="90"/>
        <UsageCount Value="12"/>
      </Unit9>
      <Unit10>
        <Filename Value="ulng.pas"/>
        <UnitName Value="uLng"/>
        <EditorIndex Value="-1"/>
        <TopLine Value="386"/>
        <CursorPos X="49" Y="407"/>
        <UsageCount Value="12"/>
      </Unit10>
      <Unit11>
        <Filename Value="upixmapmanager.pas"/>
        <UnitName Value="uPixMapManager"/>
        <EditorIndex Value="-1"/>
        <TopLine Value="176"/>
        <CursorPos X="54" Y="197"/>
        <UsageCount Value="12"/>
      </Unit11>
      <Unit12>
        <Filename Value="uusersgroups.pas"/>
        <UnitName Value="uUsersGroups"/>
        <EditorIndex Value="-1"/>
        <TopLine Value="154"/>
        <CursorPos X="29" Y="182"/>
        <UsageCount Value="12"/>
      </Unit12>
      <Unit13>
        <Filename Value="findex.pas"/>
        <UnitName Value="FindEx"/>
        <EditorIndex Value="-1"/>
        <TopLine Value="32"/>
        <CursorPos Y="73"/>
        <UsageCount Value="11"/>
      </Unit13>
      <Unit14>
        <Filename Value="ufileprocs.pas"/>
        <UnitName Value="uFileProcs"/>
        <EditorIndex Value="-1"/>
        <TopLine Value="21"/>
        <CursorPos X="65" Y="34"/>
        <UsageCount Value="11"/>
      </Unit14>
      <Unit15>
        <Filename Value="ufileop.pas"/>
        <UnitName Value="uFileOp"/>
        <EditorIndex Value="-1"/>
        <TopLine Value="80"/>
        <CursorPos X="11" Y="101"/>
        <UsageCount Value="11"/>
      </Unit15>
      <Unit16>
        <Filename Value="feditorconf.pas"/>
        <UnitName Value="fEditorConf"/>
        <EditorIndex Value="-1"/>
        <TopLine Value="9"/>
        <CursorPos X="20" Y="19"/>
        <UsageCount Value="11"/>
      </Unit16>
      <Unit17>
        <Filename Value="fviewer.pas"/>
        <UnitName Value="fViewer"/>
        <IsVisibleTab Value="True"/>
        <EditorIndex Value="-1"/>
        <TopLine Value="10"/>
        <CursorPos X="3" Y="31"/>
        <UsageCount Value="10"/>
      </Unit17>
    </Units>
    <JumpHistory HistoryIndex="-1"/>
  </ProjectOptions>
  <CompilerOptions>
    <Version Value="11"/>
    <SearchPaths>
      <SrcPath Value="$(LazarusDir)/lcl;$(LazarusDir)/lcl/interfaces/$(LCLWidgetType)"/>
    </SearchPaths>
    <Parsing>
      <SyntaxOptions>
        <UseAnsiStrings Value="False"/>
      </SyntaxOptions>
    </Parsing>
  </CompilerOptions>
  <Debugging>
    <BreakPoints Count="1">
      <Item1>
        <Kind Value="bpkSource"/>
        <WatchScope Value="wpsGlobal"/>
        <WatchKind Value="wpkWrite"/>
        <Source Value="../../../../radek/kodovani2/lazarus/lcl/include/imglist.inc"/>
        <Line Value="435"/>
      </Item1>
    </BreakPoints>
    <Watches Count="1">
      <Item1>
        <Expression Value="Key"/>
      </Item1>
    </Watches>
  </Debugging>
</CONFIG>
